
Microsoft Visual Studio Solution File, Format Version 12.00
# Visual Studio Version 16
VisualStudioVersion = 16.0.29306.81
MinimumVisualStudioVersion = 10.0.40219.1
Project("{9A19103F-16F7-4668-BE54-9A1E7A4F7556}") = "VG-Ripper", "VG-Ripper\VG-Ripper.csproj", "{FAA3C26B-5C99-45ED-A489-CFE19C76EB44}"
EndProject
Project("{2150E333-8FDC-42A3-9474-1A3956D46DE8}") = "Setups", "Setups", "{8F21200F-10A6-47BB-8942-8CF9D241D926}"
	ProjectSection(SolutionItems) = preProject
		VG-Ripper-Setup\VG-Ripper-Setup.iss = VG-Ripper-Setup\VG-Ripper-Setup.iss
	EndProjectSection
EndProject
Project("{9A19103F-16F7-4668-BE54-9A1E7A4F7556}") = "Ripper.Services", "Ripper.Services\Ripper.Services.csproj", "{8233EB04-64CA-499B-8A45-052C0DB5B7E2}"
EndProject
Project("{9A19103F-16F7-4668-BE54-9A1E7A4F7556}") = "Ripper.Core", "Ripper.Core\Ripper.Core.csproj", "{4AE38478-FAA4-4ECA-BD06-30D5CB87DF68}"
EndProject
Global
	GlobalSection(SolutionConfigurationPlatforms) = preSolution
		Debug|Any CPU = Debug|Any CPU
		Debug|x64 = Debug|x64
		Release|Any CPU = Release|Any CPU
		Release|x64 = Release|x64
		RiPRipper|Any CPU = RiPRipper|Any CPU
		RiPRipper|x64 = RiPRipper|x64
		RiPRipperX|Any CPU = RiPRipperX|Any CPU
		RiPRipperX|x64 = RiPRipperX|x64
	EndGlobalSection
	GlobalSection(ProjectConfigurationPlatforms) = postSolution
		{FAA3C26B-5C99-45ED-A489-CFE19C76EB44}.Debug|Any CPU.ActiveCfg = Debug|Any CPU
		{FAA3C26B-5C99-45ED-A489-CFE19C76EB44}.Debug|Any CPU.Build.0 = Debug|Any CPU
		{FAA3C26B-5C99-45ED-A489-CFE19C76EB44}.Debug|x64.ActiveCfg = Debug|Any CPU
		{FAA3C26B-5C99-45ED-A489-CFE19C76EB44}.Debug|x64.Build.0 = Debug|Any CPU
		{FAA3C26B-5C99-45ED-A489-CFE19C76EB44}.Release|Any CPU.ActiveCfg = Release|Any CPU
		{FAA3C26B-5C99-45ED-A489-CFE19C76EB44}.Release|Any CPU.Build.0 = Release|Any CPU
		{FAA3C26B-5C99-45ED-A489-CFE19C76EB44}.Release|x64.ActiveCfg = Release|Any CPU
		{FAA3C26B-5C99-45ED-A489-CFE19C76EB44}.Release|x64.Build.0 = Release|Any CPU
		{FAA3C26B-5C99-45ED-A489-CFE19C76EB44}.RiPRipper|Any CPU.ActiveCfg = Release|Any CPU
		{FAA3C26B-5C99-45ED-A489-CFE19C76EB44}.RiPRipper|Any CPU.Build.0 = Release|Any CPU
		{FAA3C26B-5C99-45ED-A489-CFE19C76EB44}.RiPRipper|x64.ActiveCfg = Release|Any CPU
		{FAA3C26B-5C99-45ED-A489-CFE19C76EB44}.RiPRipper|x64.Build.0 = Release|Any CPU
		{FAA3C26B-5C99-45ED-A489-CFE19C76EB44}.RiPRipperX|Any CPU.ActiveCfg = Release|Any CPU
		{FAA3C26B-5C99-45ED-A489-CFE19C76EB44}.RiPRipperX|Any CPU.Build.0 = Release|Any CPU
		{FAA3C26B-5C99-45ED-A489-CFE19C76EB44}.RiPRipperX|x64.ActiveCfg = Release|Any CPU
		{FAA3C26B-5C99-45ED-A489-CFE19C76EB44}.RiPRipperX|x64.Build.0 = Release|Any CPU
		{8233EB04-64CA-499B-8A45-052C0DB5B7E2}.Debug|Any CPU.ActiveCfg = Debug|Any CPU
		{8233EB04-64CA-499B-8A45-052C0DB5B7E2}.Debug|Any CPU.Build.0 = Debug|Any CPU
		{8233EB04-64CA-499B-8A45-052C0DB5B7E2}.Debug|x64.ActiveCfg = Debug|Any CPU
		{8233EB04-64CA-499B-8A45-052C0DB5B7E2}.Release|Any CPU.ActiveCfg = Release|Any CPU
		{8233EB04-64CA-499B-8A45-052C0DB5B7E2}.Release|Any CPU.Build.0 = Release|Any CPU
		{8233EB04-64CA-499B-8A45-052C0DB5B7E2}.Release|x64.ActiveCfg = Release|Any CPU
		{8233EB04-64CA-499B-8A45-052C0DB5B7E2}.RiPRipper|Any CPU.ActiveCfg = Release|Any CPU
		{8233EB04-64CA-499B-8A45-052C0DB5B7E2}.RiPRipper|Any CPU.Build.0 = Release|Any CPU
		{8233EB04-64CA-499B-8A45-052C0DB5B7E2}.RiPRipper|x64.ActiveCfg = Release|Any CPU
		{8233EB04-64CA-499B-8A45-052C0DB5B7E2}.RiPRipperX|Any CPU.ActiveCfg = Release|Any CPU
		{8233EB04-64CA-499B-8A45-052C0DB5B7E2}.RiPRipperX|Any CPU.Build.0 = Release|Any CPU
		{8233EB04-64CA-499B-8A45-052C0DB5B7E2}.RiPRipperX|x64.ActiveCfg = Release|Any CPU
		{4AE38478-FAA4-4ECA-BD06-30D5CB87DF68}.Debug|Any CPU.ActiveCfg = Debug|Any CPU
		{4AE38478-FAA4-4ECA-BD06-30D5CB87DF68}.Debug|Any CPU.Build.0 = Debug|Any CPU
		{4AE38478-FAA4-4ECA-BD06-30D5CB87DF68}.Debug|x64.ActiveCfg = Debug|Any CPU
		{4AE38478-FAA4-4ECA-BD06-30D5CB87DF68}.Release|Any CPU.ActiveCfg = Release|Any CPU
		{4AE38478-FAA4-4ECA-BD06-30D5CB87DF68}.Release|Any CPU.Build.0 = Release|Any CPU
		{4AE38478-FAA4-4ECA-BD06-30D5CB87DF68}.Release|x64.ActiveCfg = Release|Any CPU
		{4AE38478-FAA4-4ECA-BD06-30D5CB87DF68}.RiPRipper|Any CPU.ActiveCfg = Release|Any CPU
		{4AE38478-FAA4-4ECA-BD06-30D5CB87DF68}.RiPRipper|Any CPU.Build.0 = Release|Any CPU
		{4AE38478-FAA4-4ECA-BD06-30D5CB87DF68}.RiPRipper|x64.ActiveCfg = Release|Any CPU
		{4AE38478-FAA4-4ECA-BD06-30D5CB87DF68}.RiPRipperX|Any CPU.ActiveCfg = Release|Any CPU
		{4AE38478-FAA4-4ECA-BD06-30D5CB87DF68}.RiPRipperX|Any CPU.Build.0 = Release|Any CPU
		{4AE38478-FAA4-4ECA-BD06-30D5CB87DF68}.RiPRipperX|x64.ActiveCfg = Release|Any CPU
	EndGlobalSection
	GlobalSection(SolutionProperties) = preSolution
		HideSolutionNode = FALSE
	EndGlobalSection
	GlobalSection(ExtensibilityGlobals) = postSolution
		SolutionGuid = {7AA0B52A-2934-4013-8F26-6F0AF94F7107}
	EndGlobalSection
EndGlobal
