
Microsoft Visual Studio Solution File, Format Version 12.00
# Visual Studio 2012
Project("{FAE04EC0-301F-11D3-BF4B-00C04F79EFBC}") = "PG-Ripper", "PG-Ripper\PG-Ripper.csproj", "{FAA3C26B-5C99-45ED-A489-CFE19C76EB44}"
EndProject
Project("{2150E333-8FDC-42A3-9474-1A3956D46DE8}") = "Setups", "Setups", "{975FA6A0-566E-4789-A366-7667E591030F}"
	ProjectSection(SolutionItems) = preProject
		PG-Ripper-Setup\PG-Ripper-Setup-x64.iss = PG-Ripper-Setup\PG-Ripper-Setup-x64.iss
		PG-Ripper-Setup\PG-Ripper-Setup-x86.iss = PG-Ripper-Setup\PG-Ripper-Setup-x86.iss
	EndProjectSection
EndProject
Project("{2150E333-8FDC-42A3-9474-1A3956D46DE8}") = ".nuget", ".nuget", "{CD7B910C-7C51-4B36-89BC-3B15F5B35F7E}"
	ProjectSection(SolutionItems) = preProject
		.nuget\NuGet.Config = .nuget\NuGet.Config
		.nuget\NuGet.targets = .nuget\NuGet.targets
	EndProjectSection
EndProject
Global
	GlobalSection(SolutionConfigurationPlatforms) = preSolution
		CodeAnalysisDebug|Any CPU = CodeAnalysisDebug|Any CPU
		CodeAnalysisDebug|x64 = CodeAnalysisDebug|x64
		Debug|Any CPU = Debug|Any CPU
		Debug|x64 = Debug|x64
		PG-Ripper64|Any CPU = PG-Ripper64|Any CPU
		PG-Ripper64|x64 = PG-Ripper64|x64
		PG-RipperX|Any CPU = PG-RipperX|Any CPU
		PG-RipperX|x64 = PG-RipperX|x64
		PG-Ripper|Any CPU = PG-Ripper|Any CPU
		PG-Ripper|x64 = PG-Ripper|x64
		Release|Any CPU = Release|Any CPU
		Release|x64 = Release|x64
	EndGlobalSection
	GlobalSection(ProjectConfigurationPlatforms) = postSolution
		{FAA3C26B-5C99-45ED-A489-CFE19C76EB44}.CodeAnalysisDebug|Any CPU.ActiveCfg = Debug|Any CPU
		{FAA3C26B-5C99-45ED-A489-CFE19C76EB44}.CodeAnalysisDebug|Any CPU.Build.0 = Debug|Any CPU
		{FAA3C26B-5C99-45ED-A489-CFE19C76EB44}.CodeAnalysisDebug|x64.ActiveCfg = Debug|x64
		{FAA3C26B-5C99-45ED-A489-CFE19C76EB44}.CodeAnalysisDebug|x64.Build.0 = Debug|x64
		{FAA3C26B-5C99-45ED-A489-CFE19C76EB44}.Debug|Any CPU.ActiveCfg = Debug|Any CPU
		{FAA3C26B-5C99-45ED-A489-CFE19C76EB44}.Debug|Any CPU.Build.0 = Debug|Any CPU
		{FAA3C26B-5C99-45ED-A489-CFE19C76EB44}.Debug|x64.ActiveCfg = Debug|x64
		{FAA3C26B-5C99-45ED-A489-CFE19C76EB44}.Debug|x64.Build.0 = Debug|x64
		{FAA3C26B-5C99-45ED-A489-CFE19C76EB44}.PG-Ripper64|Any CPU.ActiveCfg = PG-Ripper64|Any CPU
		{FAA3C26B-5C99-45ED-A489-CFE19C76EB44}.PG-Ripper64|Any CPU.Build.0 = PG-Ripper64|Any CPU
		{FAA3C26B-5C99-45ED-A489-CFE19C76EB44}.PG-Ripper64|x64.ActiveCfg = PG-Ripper64|x64
		{FAA3C26B-5C99-45ED-A489-CFE19C76EB44}.PG-Ripper64|x64.Build.0 = PG-Ripper64|x64
		{FAA3C26B-5C99-45ED-A489-CFE19C76EB44}.PG-RipperX|Any CPU.ActiveCfg = PG-RipperX|Any CPU
		{FAA3C26B-5C99-45ED-A489-CFE19C76EB44}.PG-RipperX|Any CPU.Build.0 = PG-RipperX|Any CPU
		{FAA3C26B-5C99-45ED-A489-CFE19C76EB44}.PG-RipperX|x64.ActiveCfg = PG-RipperX|x64
		{FAA3C26B-5C99-45ED-A489-CFE19C76EB44}.PG-RipperX|x64.Build.0 = PG-RipperX|x64
		{FAA3C26B-5C99-45ED-A489-CFE19C76EB44}.PG-Ripper|Any CPU.ActiveCfg = PG-Ripper|Any CPU
		{FAA3C26B-5C99-45ED-A489-CFE19C76EB44}.PG-Ripper|Any CPU.Build.0 = PG-Ripper|Any CPU
		{FAA3C26B-5C99-45ED-A489-CFE19C76EB44}.PG-Ripper|x64.ActiveCfg = PG-Ripper|x64
		{FAA3C26B-5C99-45ED-A489-CFE19C76EB44}.PG-Ripper|x64.Build.0 = PG-Ripper|x64
		{FAA3C26B-5C99-45ED-A489-CFE19C76EB44}.Release|Any CPU.ActiveCfg = Release|Any CPU
		{FAA3C26B-5C99-45ED-A489-CFE19C76EB44}.Release|Any CPU.Build.0 = Release|Any CPU
		{FAA3C26B-5C99-45ED-A489-CFE19C76EB44}.Release|x64.ActiveCfg = Release|x64
		{FAA3C26B-5C99-45ED-A489-CFE19C76EB44}.Release|x64.Build.0 = Release|x64
	EndGlobalSection
	GlobalSection(SolutionProperties) = preSolution
		HideSolutionNode = FALSE
	EndGlobalSection
EndGlobal
