
Microsoft Visual Studio Solution File, Format Version 11.00
# Visual Studio 2010
Project("{FAE04EC0-301F-11D3-BF4B-00C04F79EFBC}") = "PG-Ripper", "PG-Ripper\PG-Ripper.csproj", "{FAA3C26B-5C99-45ED-A489-CFE19C76EB44}"
EndProject
Project("{FAE04EC0-301F-11D3-BF4B-00C04F79EFBC}") = "Core", "Core\Core.csproj", "{2E1FB0DF-F9BB-4909-9F32-2D9D022A8E57}"
EndProject
Project("{FAE04EC0-301F-11D3-BF4B-00C04F79EFBC}") = "Shell", "Shell\Shell.csproj", "{AA0C00CB-8699-4F37-BFAE-40CA87ACC06D}"
EndProject
Project("{2150E333-8FDC-42A3-9474-1A3956D46DE8}") = "API", "API", "{400A7E09-E6BA-48A0-9C42-FC28B5B40731}"
EndProject
Project("{FAE04EC0-301F-11D3-BF4B-00C04F79EFBC}") = "ICSharpCode.SharpZLib", "..\SharpZipLib\ICSharpCode.SharpZLib.csproj", "{0E7413FF-EB9E-4714-ACF2-BE3A6A7B2FFD}"
EndProject
Project("{2150E333-8FDC-42A3-9474-1A3956D46DE8}") = "Setups", "Setups", "{975FA6A0-566E-4789-A366-7667E591030F}"
EndProject
Project("{54435603-DBB4-11D2-8724-00A0C9A8B90C}") = "PG-Ripper-Setup", "PG-Ripper-Setup\PG-Ripper-Setup.vdproj", "{891A883E-0FFD-49C3-B22C-A2B91932DBBD}"
EndProject
Project("{54435603-DBB4-11D2-8724-00A0C9A8B90C}") = "PG-Ripper-Setup-x64", "PG-Ripper-Setup-x64\PG-Ripper-Setup-x64.vdproj", "{E11D127D-41C5-4C33-9D78-7B50C5EA40CA}"
EndProject
Global
	GlobalSection(SolutionConfigurationPlatforms) = preSolution
		CodeAnalysisDebug|Any CPU = CodeAnalysisDebug|Any CPU
		CodeAnalysisDebug|x64 = CodeAnalysisDebug|x64
		Debug|Any CPU = Debug|Any CPU
		Debug|x64 = Debug|x64
		PG-Ripper|Any CPU = PG-Ripper|Any CPU
		PG-Ripper|x64 = PG-Ripper|x64
		PG-Ripper64|Any CPU = PG-Ripper64|Any CPU
		PG-Ripper64|x64 = PG-Ripper64|x64
		PG-RipperX|Any CPU = PG-RipperX|Any CPU
		PG-RipperX|x64 = PG-RipperX|x64
		Release|Any CPU = Release|Any CPU
		Release|x64 = Release|x64
	EndGlobalSection
	GlobalSection(ProjectConfigurationPlatforms) = postSolution
		{FAA3C26B-5C99-45ED-A489-CFE19C76EB44}.CodeAnalysisDebug|Any CPU.ActiveCfg = Debug|Any CPU
		{FAA3C26B-5C99-45ED-A489-CFE19C76EB44}.CodeAnalysisDebug|Any CPU.Build.0 = Debug|Any CPU
		{FAA3C26B-5C99-45ED-A489-CFE19C76EB44}.CodeAnalysisDebug|x64.ActiveCfg = Debug|x64
		{FAA3C26B-5C99-45ED-A489-CFE19C76EB44}.CodeAnalysisDebug|x64.Build.0 = Debug|x64
		{FAA3C26B-5C99-45ED-A489-CFE19C76EB44}.Debug|Any CPU.ActiveCfg = Debug|Any CPU
		{FAA3C26B-5C99-45ED-A489-CFE19C76EB44}.Debug|Any CPU.Build.0 = Debug|Any CPU
		{FAA3C26B-5C99-45ED-A489-CFE19C76EB44}.Debug|x64.ActiveCfg = Debug|x64
		{FAA3C26B-5C99-45ED-A489-CFE19C76EB44}.Debug|x64.Build.0 = Debug|x64
		{FAA3C26B-5C99-45ED-A489-CFE19C76EB44}.PG-Ripper|Any CPU.ActiveCfg = PG-Ripper|Any CPU
		{FAA3C26B-5C99-45ED-A489-CFE19C76EB44}.PG-Ripper|Any CPU.Build.0 = PG-Ripper|Any CPU
		{FAA3C26B-5C99-45ED-A489-CFE19C76EB44}.PG-Ripper|x64.ActiveCfg = PG-Ripper|x64
		{FAA3C26B-5C99-45ED-A489-CFE19C76EB44}.PG-Ripper|x64.Build.0 = PG-Ripper|x64
		{FAA3C26B-5C99-45ED-A489-CFE19C76EB44}.PG-Ripper64|Any CPU.ActiveCfg = PG-Ripper64|Any CPU
		{FAA3C26B-5C99-45ED-A489-CFE19C76EB44}.PG-Ripper64|Any CPU.Build.0 = PG-Ripper64|Any CPU
		{FAA3C26B-5C99-45ED-A489-CFE19C76EB44}.PG-Ripper64|x64.ActiveCfg = PG-Ripper64|x64
		{FAA3C26B-5C99-45ED-A489-CFE19C76EB44}.PG-Ripper64|x64.Build.0 = PG-Ripper64|x64
		{FAA3C26B-5C99-45ED-A489-CFE19C76EB44}.PG-RipperX|Any CPU.ActiveCfg = PG-RipperX|Any CPU
		{FAA3C26B-5C99-45ED-A489-CFE19C76EB44}.PG-RipperX|Any CPU.Build.0 = PG-RipperX|Any CPU
		{FAA3C26B-5C99-45ED-A489-CFE19C76EB44}.PG-RipperX|x64.ActiveCfg = PG-RipperX|x64
		{FAA3C26B-5C99-45ED-A489-CFE19C76EB44}.PG-RipperX|x64.Build.0 = PG-RipperX|x64
		{FAA3C26B-5C99-45ED-A489-CFE19C76EB44}.Release|Any CPU.ActiveCfg = Release|Any CPU
		{FAA3C26B-5C99-45ED-A489-CFE19C76EB44}.Release|Any CPU.Build.0 = Release|Any CPU
		{FAA3C26B-5C99-45ED-A489-CFE19C76EB44}.Release|x64.ActiveCfg = Release|x64
		{FAA3C26B-5C99-45ED-A489-CFE19C76EB44}.Release|x64.Build.0 = Release|x64
		{2E1FB0DF-F9BB-4909-9F32-2D9D022A8E57}.CodeAnalysisDebug|Any CPU.ActiveCfg = Debug|Any CPU
		{2E1FB0DF-F9BB-4909-9F32-2D9D022A8E57}.CodeAnalysisDebug|Any CPU.Build.0 = Debug|Any CPU
		{2E1FB0DF-F9BB-4909-9F32-2D9D022A8E57}.CodeAnalysisDebug|x64.ActiveCfg = Debug|Any CPU
		{2E1FB0DF-F9BB-4909-9F32-2D9D022A8E57}.Debug|Any CPU.ActiveCfg = Debug|Any CPU
		{2E1FB0DF-F9BB-4909-9F32-2D9D022A8E57}.Debug|Any CPU.Build.0 = Debug|Any CPU
		{2E1FB0DF-F9BB-4909-9F32-2D9D022A8E57}.Debug|x64.ActiveCfg = Debug|Any CPU
		{2E1FB0DF-F9BB-4909-9F32-2D9D022A8E57}.PG-Ripper|Any CPU.ActiveCfg = Release|Any CPU
		{2E1FB0DF-F9BB-4909-9F32-2D9D022A8E57}.PG-Ripper|Any CPU.Build.0 = Release|Any CPU
		{2E1FB0DF-F9BB-4909-9F32-2D9D022A8E57}.PG-Ripper|x64.ActiveCfg = PG-Ripper64|Any CPU
		{2E1FB0DF-F9BB-4909-9F32-2D9D022A8E57}.PG-Ripper64|Any CPU.ActiveCfg = PG-Ripper64|Any CPU
		{2E1FB0DF-F9BB-4909-9F32-2D9D022A8E57}.PG-Ripper64|Any CPU.Build.0 = PG-Ripper64|Any CPU
		{2E1FB0DF-F9BB-4909-9F32-2D9D022A8E57}.PG-Ripper64|x64.ActiveCfg = PG-Ripper64|Any CPU
		{2E1FB0DF-F9BB-4909-9F32-2D9D022A8E57}.PG-Ripper64|x64.Build.0 = PG-Ripper64|Any CPU
		{2E1FB0DF-F9BB-4909-9F32-2D9D022A8E57}.PG-RipperX|Any CPU.ActiveCfg = Release|Any CPU
		{2E1FB0DF-F9BB-4909-9F32-2D9D022A8E57}.PG-RipperX|Any CPU.Build.0 = Release|Any CPU
		{2E1FB0DF-F9BB-4909-9F32-2D9D022A8E57}.PG-RipperX|x64.ActiveCfg = PG-Ripper64|Any CPU
		{2E1FB0DF-F9BB-4909-9F32-2D9D022A8E57}.Release|Any CPU.ActiveCfg = Release|Any CPU
		{2E1FB0DF-F9BB-4909-9F32-2D9D022A8E57}.Release|Any CPU.Build.0 = Release|Any CPU
		{2E1FB0DF-F9BB-4909-9F32-2D9D022A8E57}.Release|x64.ActiveCfg = Release|Any CPU
		{AA0C00CB-8699-4F37-BFAE-40CA87ACC06D}.CodeAnalysisDebug|Any CPU.ActiveCfg = CodeAnalysisDebug|Any CPU
		{AA0C00CB-8699-4F37-BFAE-40CA87ACC06D}.CodeAnalysisDebug|Any CPU.Build.0 = CodeAnalysisDebug|Any CPU
		{AA0C00CB-8699-4F37-BFAE-40CA87ACC06D}.CodeAnalysisDebug|x64.ActiveCfg = CodeAnalysisDebug|Any CPU
		{AA0C00CB-8699-4F37-BFAE-40CA87ACC06D}.Debug|Any CPU.ActiveCfg = Debug|Any CPU
		{AA0C00CB-8699-4F37-BFAE-40CA87ACC06D}.Debug|Any CPU.Build.0 = Debug|Any CPU
		{AA0C00CB-8699-4F37-BFAE-40CA87ACC06D}.Debug|x64.ActiveCfg = Debug|Any CPU
		{AA0C00CB-8699-4F37-BFAE-40CA87ACC06D}.PG-Ripper|Any CPU.ActiveCfg = CodeAnalysisDebug|Any CPU
		{AA0C00CB-8699-4F37-BFAE-40CA87ACC06D}.PG-Ripper|Any CPU.Build.0 = CodeAnalysisDebug|Any CPU
		{AA0C00CB-8699-4F37-BFAE-40CA87ACC06D}.PG-Ripper|x64.ActiveCfg = PG-Ripper64|Any CPU
		{AA0C00CB-8699-4F37-BFAE-40CA87ACC06D}.PG-Ripper64|Any CPU.ActiveCfg = PG-Ripper64|Any CPU
		{AA0C00CB-8699-4F37-BFAE-40CA87ACC06D}.PG-Ripper64|Any CPU.Build.0 = PG-Ripper64|Any CPU
		{AA0C00CB-8699-4F37-BFAE-40CA87ACC06D}.PG-Ripper64|x64.ActiveCfg = PG-Ripper64|Any CPU
		{AA0C00CB-8699-4F37-BFAE-40CA87ACC06D}.PG-Ripper64|x64.Build.0 = PG-Ripper64|Any CPU
		{AA0C00CB-8699-4F37-BFAE-40CA87ACC06D}.PG-RipperX|Any CPU.ActiveCfg = CodeAnalysisDebug|Any CPU
		{AA0C00CB-8699-4F37-BFAE-40CA87ACC06D}.PG-RipperX|Any CPU.Build.0 = CodeAnalysisDebug|Any CPU
		{AA0C00CB-8699-4F37-BFAE-40CA87ACC06D}.PG-RipperX|x64.ActiveCfg = PG-Ripper64|Any CPU
		{AA0C00CB-8699-4F37-BFAE-40CA87ACC06D}.Release|Any CPU.ActiveCfg = Release|Any CPU
		{AA0C00CB-8699-4F37-BFAE-40CA87ACC06D}.Release|Any CPU.Build.0 = Release|Any CPU
		{AA0C00CB-8699-4F37-BFAE-40CA87ACC06D}.Release|x64.ActiveCfg = Release|Any CPU
		{0E7413FF-EB9E-4714-ACF2-BE3A6A7B2FFD}.CodeAnalysisDebug|Any CPU.ActiveCfg = Debug|Any CPU
		{0E7413FF-EB9E-4714-ACF2-BE3A6A7B2FFD}.CodeAnalysisDebug|Any CPU.Build.0 = Debug|Any CPU
		{0E7413FF-EB9E-4714-ACF2-BE3A6A7B2FFD}.CodeAnalysisDebug|x64.ActiveCfg = Debug|Any CPU
		{0E7413FF-EB9E-4714-ACF2-BE3A6A7B2FFD}.Debug|Any CPU.ActiveCfg = Debug|Any CPU
		{0E7413FF-EB9E-4714-ACF2-BE3A6A7B2FFD}.Debug|Any CPU.Build.0 = Debug|Any CPU
		{0E7413FF-EB9E-4714-ACF2-BE3A6A7B2FFD}.Debug|x64.ActiveCfg = Debug|Any CPU
		{0E7413FF-EB9E-4714-ACF2-BE3A6A7B2FFD}.PG-Ripper|Any CPU.ActiveCfg = Debug|Any CPU
		{0E7413FF-EB9E-4714-ACF2-BE3A6A7B2FFD}.PG-Ripper|Any CPU.Build.0 = Debug|Any CPU
		{0E7413FF-EB9E-4714-ACF2-BE3A6A7B2FFD}.PG-Ripper|x64.ActiveCfg = Debug|Any CPU
		{0E7413FF-EB9E-4714-ACF2-BE3A6A7B2FFD}.PG-Ripper64|Any CPU.ActiveCfg = Debug|Any CPU
		{0E7413FF-EB9E-4714-ACF2-BE3A6A7B2FFD}.PG-Ripper64|Any CPU.Build.0 = Debug|Any CPU
		{0E7413FF-EB9E-4714-ACF2-BE3A6A7B2FFD}.PG-Ripper64|x64.ActiveCfg = Debug|Any CPU
		{0E7413FF-EB9E-4714-ACF2-BE3A6A7B2FFD}.PG-RipperX|Any CPU.ActiveCfg = Debug|Any CPU
		{0E7413FF-EB9E-4714-ACF2-BE3A6A7B2FFD}.PG-RipperX|Any CPU.Build.0 = Debug|Any CPU
		{0E7413FF-EB9E-4714-ACF2-BE3A6A7B2FFD}.PG-RipperX|x64.ActiveCfg = Debug|Any CPU
		{0E7413FF-EB9E-4714-ACF2-BE3A6A7B2FFD}.Release|Any CPU.ActiveCfg = Release|Any CPU
		{0E7413FF-EB9E-4714-ACF2-BE3A6A7B2FFD}.Release|Any CPU.Build.0 = Release|Any CPU
		{0E7413FF-EB9E-4714-ACF2-BE3A6A7B2FFD}.Release|x64.ActiveCfg = Release|Any CPU
		{891A883E-0FFD-49C3-B22C-A2B91932DBBD}.CodeAnalysisDebug|Any CPU.ActiveCfg = Debug
		{891A883E-0FFD-49C3-B22C-A2B91932DBBD}.CodeAnalysisDebug|Any CPU.Build.0 = Debug
		{891A883E-0FFD-49C3-B22C-A2B91932DBBD}.CodeAnalysisDebug|x64.ActiveCfg = Debug
		{891A883E-0FFD-49C3-B22C-A2B91932DBBD}.CodeAnalysisDebug|x64.Build.0 = Debug
		{891A883E-0FFD-49C3-B22C-A2B91932DBBD}.Debug|Any CPU.ActiveCfg = Debug
		{891A883E-0FFD-49C3-B22C-A2B91932DBBD}.Debug|x64.ActiveCfg = Debug
		{891A883E-0FFD-49C3-B22C-A2B91932DBBD}.Debug|x64.Build.0 = Debug
		{891A883E-0FFD-49C3-B22C-A2B91932DBBD}.PG-Ripper|Any CPU.ActiveCfg = Release
		{891A883E-0FFD-49C3-B22C-A2B91932DBBD}.PG-Ripper|Any CPU.Build.0 = Release
		{891A883E-0FFD-49C3-B22C-A2B91932DBBD}.PG-Ripper|x64.ActiveCfg = Release
		{891A883E-0FFD-49C3-B22C-A2B91932DBBD}.PG-Ripper|x64.Build.0 = Release
		{891A883E-0FFD-49C3-B22C-A2B91932DBBD}.PG-Ripper64|Any CPU.ActiveCfg = Release
		{891A883E-0FFD-49C3-B22C-A2B91932DBBD}.PG-Ripper64|Any CPU.Build.0 = Release
		{891A883E-0FFD-49C3-B22C-A2B91932DBBD}.PG-Ripper64|x64.ActiveCfg = Release
		{891A883E-0FFD-49C3-B22C-A2B91932DBBD}.PG-Ripper64|x64.Build.0 = Release
		{891A883E-0FFD-49C3-B22C-A2B91932DBBD}.PG-RipperX|Any CPU.ActiveCfg = Release
		{891A883E-0FFD-49C3-B22C-A2B91932DBBD}.PG-RipperX|Any CPU.Build.0 = Release
		{891A883E-0FFD-49C3-B22C-A2B91932DBBD}.PG-RipperX|x64.ActiveCfg = Release
		{891A883E-0FFD-49C3-B22C-A2B91932DBBD}.PG-RipperX|x64.Build.0 = Release
		{891A883E-0FFD-49C3-B22C-A2B91932DBBD}.Release|Any CPU.ActiveCfg = Release
		{891A883E-0FFD-49C3-B22C-A2B91932DBBD}.Release|Any CPU.Build.0 = Release
		{891A883E-0FFD-49C3-B22C-A2B91932DBBD}.Release|x64.ActiveCfg = Release
		{891A883E-0FFD-49C3-B22C-A2B91932DBBD}.Release|x64.Build.0 = Release
		{E11D127D-41C5-4C33-9D78-7B50C5EA40CA}.CodeAnalysisDebug|Any CPU.ActiveCfg = Debug
		{E11D127D-41C5-4C33-9D78-7B50C5EA40CA}.CodeAnalysisDebug|Any CPU.Build.0 = Debug
		{E11D127D-41C5-4C33-9D78-7B50C5EA40CA}.CodeAnalysisDebug|x64.ActiveCfg = Debug
		{E11D127D-41C5-4C33-9D78-7B50C5EA40CA}.CodeAnalysisDebug|x64.Build.0 = Debug
		{E11D127D-41C5-4C33-9D78-7B50C5EA40CA}.Debug|Any CPU.ActiveCfg = Debug
		{E11D127D-41C5-4C33-9D78-7B50C5EA40CA}.Debug|x64.ActiveCfg = Debug
		{E11D127D-41C5-4C33-9D78-7B50C5EA40CA}.Debug|x64.Build.0 = Debug
		{E11D127D-41C5-4C33-9D78-7B50C5EA40CA}.PG-Ripper|Any CPU.ActiveCfg = Release
		{E11D127D-41C5-4C33-9D78-7B50C5EA40CA}.PG-Ripper|Any CPU.Build.0 = Release
		{E11D127D-41C5-4C33-9D78-7B50C5EA40CA}.PG-Ripper|x64.ActiveCfg = Release
		{E11D127D-41C5-4C33-9D78-7B50C5EA40CA}.PG-Ripper|x64.Build.0 = Release
		{E11D127D-41C5-4C33-9D78-7B50C5EA40CA}.PG-Ripper64|Any CPU.ActiveCfg = Release
		{E11D127D-41C5-4C33-9D78-7B50C5EA40CA}.PG-Ripper64|Any CPU.Build.0 = Release
		{E11D127D-41C5-4C33-9D78-7B50C5EA40CA}.PG-Ripper64|x64.ActiveCfg = Release
		{E11D127D-41C5-4C33-9D78-7B50C5EA40CA}.PG-Ripper64|x64.Build.0 = Release
		{E11D127D-41C5-4C33-9D78-7B50C5EA40CA}.PG-RipperX|Any CPU.ActiveCfg = Release
		{E11D127D-41C5-4C33-9D78-7B50C5EA40CA}.PG-RipperX|Any CPU.Build.0 = Release
		{E11D127D-41C5-4C33-9D78-7B50C5EA40CA}.PG-RipperX|x64.ActiveCfg = Release
		{E11D127D-41C5-4C33-9D78-7B50C5EA40CA}.PG-RipperX|x64.Build.0 = Release
		{E11D127D-41C5-4C33-9D78-7B50C5EA40CA}.Release|Any CPU.ActiveCfg = Release
		{E11D127D-41C5-4C33-9D78-7B50C5EA40CA}.Release|Any CPU.Build.0 = Release
		{E11D127D-41C5-4C33-9D78-7B50C5EA40CA}.Release|x64.ActiveCfg = Release
		{E11D127D-41C5-4C33-9D78-7B50C5EA40CA}.Release|x64.Build.0 = Release
	EndGlobalSection
	GlobalSection(SolutionProperties) = preSolution
		HideSolutionNode = FALSE
	EndGlobalSection
	GlobalSection(NestedProjects) = preSolution
		{AA0C00CB-8699-4F37-BFAE-40CA87ACC06D} = {400A7E09-E6BA-48A0-9C42-FC28B5B40731}
		{2E1FB0DF-F9BB-4909-9F32-2D9D022A8E57} = {400A7E09-E6BA-48A0-9C42-FC28B5B40731}
		{0E7413FF-EB9E-4714-ACF2-BE3A6A7B2FFD} = {400A7E09-E6BA-48A0-9C42-FC28B5B40731}
		{891A883E-0FFD-49C3-B22C-A2B91932DBBD} = {975FA6A0-566E-4789-A366-7667E591030F}
		{E11D127D-41C5-4C33-9D78-7B50C5EA40CA} = {975FA6A0-566E-4789-A366-7667E591030F}
	EndGlobalSection
EndGlobal
